
Microsoft Visual Studio Solution File, Format Version 12.00
# Visual Studio Version 17
VisualStudioVersion = 17.3.32811.315
MinimumVisualStudioVersion = 10.0.40219.1
Project("{2150E333-8FDC-42A3-9474-1A3956D46DE8}") = "luawinrt", "luawinrt", "{AE8CDC17-3CD3-4003-BCD3-5A244AA6D2E3}"
EndProject
Project("{8BC9CEB8-8B4A-11D0-8D11-00A0C91BC942}") = "luawinrt.Shared", "luawinrt\luawinrt.Shared\luawinrt.Shared.vcxitems", "{8BF5325C-D170-4DA1-A823-ACCED6AB5E3F}"
EndProject
Project("{8BC9CEB8-8B4A-11D0-8D11-00A0C91BC942}") = "luawinrt.Windows", "luawinrt\luawinrt.Windows\luawinrt.Windows.vcxproj", "{5123635E-7CED-437C-8614-4252741E19A0}"
EndProject
Global
	GlobalSection(SolutionConfigurationPlatforms) = preSolution
		Debug|ARM = Debug|ARM
		Debug|Win32 = Debug|Win32
		Debug|x64 = Debug|x64
		Release|ARM = Release|ARM
		Release|Win32 = Release|Win32
		Release|x64 = Release|x64
	EndGlobalSection
	GlobalSection(ProjectConfigurationPlatforms) = postSolution
		{5123635E-7CED-437C-8614-4252741E19A0}.Debug|ARM.ActiveCfg = Debug|ARM
		{5123635E-7CED-437C-8614-4252741E19A0}.Debug|ARM.Build.0 = Debug|ARM
		{5123635E-7CED-437C-8614-4252741E19A0}.Debug|Win32.ActiveCfg = Debug|Win32
		{5123635E-7CED-437C-8614-4252741E19A0}.Debug|Win32.Build.0 = Debug|Win32
		{5123635E-7CED-437C-8614-4252741E19A0}.Debug|x64.ActiveCfg = Debug|x64
		{5123635E-7CED-437C-8614-4252741E19A0}.Debug|x64.Build.0 = Debug|x64
		{5123635E-7CED-437C-8614-4252741E19A0}.Release|ARM.ActiveCfg = Release|ARM
		{5123635E-7CED-437C-8614-4252741E19A0}.Release|ARM.Build.0 = Release|ARM
		{5123635E-7CED-437C-8614-4252741E19A0}.Release|Win32.ActiveCfg = Release|Win32
		{5123635E-7CED-437C-8614-4252741E19A0}.Release|Win32.Build.0 = Release|Win32
		{5123635E-7CED-437C-8614-4252741E19A0}.Release|x64.ActiveCfg = Release|x64
		{5123635E-7CED-437C-8614-4252741E19A0}.Release|x64.Build.0 = Release|x64
	EndGlobalSection
	GlobalSection(SolutionProperties) = preSolution
		HideSolutionNode = FALSE
	EndGlobalSection
	GlobalSection(NestedProjects) = preSolution
		{8BF5325C-D170-4DA1-A823-ACCED6AB5E3F} = {AE8CDC17-3CD3-4003-BCD3-5A244AA6D2E3}
		{5123635E-7CED-437C-8614-4252741E19A0} = {AE8CDC17-3CD3-4003-BCD3-5A244AA6D2E3}
	EndGlobalSection
	GlobalSection(ExtensibilityGlobals) = postSolution
		SolutionGuid = {5ED09A7C-B9B2-4DEC-A59B-83F8CC3D1780}
	EndGlobalSection
	GlobalSection(SharedMSBuildProjectFiles) = preSolution
		luawinrt\luawinrt.Shared\luawinrt.Shared.vcxitems*{5123635e-7ced-437c-8614-4252741e19a0}*SharedItemsImports = 4
		luawinrt\luawinrt.Shared\luawinrt.Shared.vcxitems*{8bf5325c-d170-4da1-a823-acced6ab5e3f}*SharedItemsImports = 9
	EndGlobalSection
EndGlobal
